// !$*UTF8*$!
{
	archiveVersion = 1;
	classes = {
	};
	objectVersion = 77;
	objects = {

/* Begin PBXBuildFile section */
		607B04A22F3D3C6200EE7A69 /* UnifiedContactsApp.swift in Sources */ = {isa = PBXBuildFile; fileRef = 607B04A12F3D3C6200EE7A69 /* UnifiedContactsApp.swift */; };
/* End PBXBuildFile section */

/* Begin PBXContainerItemProxy section */
		607B04AC2F3D3C6300EE7A69 /* PBXContainerItemProxy */ = {
			isa = PBXContainerItemProxy;
			containerPortal = 607B04962F3D3C6200EE7A69 /* Project object */;
			proxyType = 1;
			remoteGlobalIDString = 607B049D2F3D3C6200EE7A69;
			remoteInfo = UnifiedContacts;
		};
		607B04B62F3D3C6300EE7A69 /* PBXContainerItemProxy */ = {
			isa = PBXContainerItemProxy;
			containerPortal = 607B04962F3D3C6200EE7A69 /* Project object */;
			proxyType = 1;
			remoteGlobalIDString = 607B049D2F3D3C6200EE7A69;
			remoteInfo = UnifiedContacts;
		};
/* End PBXContainerItemProxy section */

/* Begin PBXFileReference section */
		607B049E2F3D3C6200EE7A69 /* UnifiedContacts.app */ = {isa = PBXFileReference; explicitFileType = wrapper.application; includeInIndex = 0; path = UnifiedContacts.app; sourceTree = BUILT_PRODUCTS_DIR; };
		607B04A12F3D3C6200EE7A69 /* UnifiedContactsApp.swift */ = {isa = PBXFileReference; lastKnownFileType = sourcecode.swift; path = UnifiedContactsApp.swift; sourceTree = "<group>"; };
		607B04AB2F3D3C6300EE7A69 /* UnifiedContactsTests.xctest */ = {isa = PBXFileReference; explicitFileType = wrapper.cfbundle; includeInIndex = 0; path = UnifiedContactsTests.xctest; sourceTree = BUILT_PRODUCTS_DIR; };
		607B04B52F3D3C6300EE7A69 /* UnifiedContactsUITests.xctest */ = {isa = PBXFileReference; explicitFileType = wrapper.cfbundle; includeInIndex = 0; path = UnifiedContactsUITests.xctest; sourceTree = BUILT_PRODUCTS_DIR; };
/* End PBXFileReference section */

/* Begin PBXFileSystemSynchronizedRootGroup section */
		607B04A02F3D3C6200EE7A69 /* UnifiedContacts */ = {
			isa = PBXFileSystemSynchronizedRootGroup;
			path = UnifiedContacts;
			sourceTree = "<group>";
		};
		607B04AE2F3D3C6300EE7A69 /* UnifiedContactsTests */ = {
			isa = PBXFileSystemSynchronizedRootGroup;
			path = UnifiedContactsTests;
			sourceTree = "<group>";
		};
/* End PBXFileSystemSynchronizedRootGroup section */

/* Begin PBXFrameworksBuildPhase section */
		607B049B2F3D3C6200EE7A69 /* Frameworks */ = {
			isa = PBXFrameworksBuildPhase;
			buildActionMask = 2147483647;
			files = (
			);
			runOnlyForDeploymentPostprocessing = 0;
		};
		607B04A82F3D3C6300EE7A69 /* Frameworks */ = {
			isa = PBXFrameworksBuildPhase;
			buildActionMask = 2147483647;
			files = (
			);
			runOnlyForDeploymentPostprocessing = 0;
		};
		607B04B22F3D3C6300EE7A69 /* Frameworks */ = {
			isa = PBXFrameworksBuildPhase;
			buildActionMask = 2147483647;
			files = (
			);
			runOnlyForDeploymentPostprocessing = 0;
		};
/* End PBXFrameworksBuildPhase section */

/* Begin PBXGroup section */
		607B04952F3D3C6200EE7A69 = {
			isa = PBXGroup;
			children = (
				607B04A12F3D3C6200EE7A69 /* UnifiedContactsApp.swift */,
				607B04A02F3D3C6200EE7A69 /* UnifiedContacts */,
				607B04AE2F3D3C6300EE7A69 /* UnifiedContactsTests */,
				607B049F2F3D3C6200EE7A69 /* Products */,
			);
			sourceTree = "<group>";
		};
		607B049F2F3D3C6200EE7A69 /* Products */ = {
			isa = PBXGroup;
			children = (
				607B049E2F3D3C6200EE7A69 /* UnifiedContacts.app */,
				607B04AB2F3D3C6300EE7A69 /* UnifiedContactsTests.xctest */,
				607B04B52F3D3C6300EE7A69 /* UnifiedContactsUITests.xctest */,
			);
			name = Products;
			sourceTree = "<group>";
		};
/* End PBXGroup section */

/* Begin PBXNativeTarget section */
		607B049D2F3D3C6200EE7A69 /* UnifiedContacts */ = {
			isa = PBXNativeTarget;
			buildConfigurationList = 607B04BF2F3D3C6300EE7A69 /* Build configuration list for PBXNativeTarget "UnifiedContacts" */;
			buildPhases = (
				607B049A2F3D3C6200EE7A69 /* Sources */,
				607B049B2F3D3C6200EE7A69 /* Frameworks */,
				607B049C2F3D3C6200EE7A69 /* Resources */,
			);
			buildRules = (
			);
			dependencies = (
			);
			fileSystemSynchronizedGroups = (
				607B04A02F3D3C6200EE7A69 /* UnifiedContacts */,
			);
			name = UnifiedContacts;
			packageProductDependencies = (
			);
			productName = UnifiedContacts;
			productReference = 607B049E2F3D3C6200EE7A69 /* UnifiedContacts.app */;
			productType = "com.apple.product-type.application";
		};
		607B04AA2F3D3C6300EE7A69 /* UnifiedContactsTests */ = {
			isa = PBXNativeTarget;
			buildConfigurationList = 607B04C22F3D3C6300EE7A69 /* Build configuration list for PBXNativeTarget "UnifiedContactsTests" */;
			buildPhases = (
				607B04A72F3D3C6300EE7A69 /* Sources */,
				607B04A82F3D3C6300EE7A69 /* Frameworks */,
				607B04A92F3D3C6300EE7A69 /* Resources */,
			);
			buildRules = (
			);
			dependencies = (
				607B04AD2F3D3C6300EE7A69 /* PBXTargetDependency */,
			);
			fileSystemSynchronizedGroups = (
				607B04AE2F3D3C6300EE7A69 /* UnifiedContactsTests */,
			);
			name = UnifiedContactsTests;
			packageProductDependencies = (
			);
			productName = UnifiedContactsTests;
			productReference = 607B04AB2F3D3C6300EE7A69 /* UnifiedContactsTests.xctest */;
			productType = "com.apple.product-type.bundle.unit-test";
		};
		607B04B42F3D3C6300EE7A69 /* UnifiedContactsUITests */ = {
			isa = PBXNativeTarget;
			buildConfigurationList = 607B04C52F3D3C6300EE7A69 /* Build configuration list for PBXNativeTarget "UnifiedContactsUITests" */;
			buildPhases = (
				607B04B12F3D3C6300EE7A69 /* Sources */,
				607B04B22F3D3C6300EE7A69 /* Frameworks */,
				607B04B32F3D3C6300EE7A69 /* Resources */,
			);
			buildRules = (
			);
			dependencies = (
				607B04B72F3D3C6300EE7A69 /* PBXTargetDependency */,
			);
			name = UnifiedContactsUITests;
			packageProductDependencies = (
			);
			productName = UnifiedContactsUITests;
			productReference = 607B04B52F3D3C6300EE7A69 /* UnifiedContactsUITests.xctest */;
			productType = "com.apple.product-type.bundle.ui-testing";
		};
/* End PBXNativeTarget section */

/* Begin PBXProject section */
		607B04962F3D3C6200EE7A69 /* Project object */ = {
			isa = PBXProject;
			attributes = {
				BuildIndependentTargetsInParallel = 1;
				LastSwiftUpdateCheck = 1640;
				LastUpgradeCheck = 1640;
				TargetAttributes = {
					607B049D2F3D3C6200EE7A69 = {
						CreatedOnToolsVersion = 16.4;
					};
					607B04AA2F3D3C6300EE7A69 = {
						CreatedOnToolsVersion = 16.4;
						TestTargetID = 607B049D2F3D3C6200EE7A69;
					};
					607B04B42F3D3C6300EE7A69 = {
						CreatedOnToolsVersion = 16.4;
						TestTargetID = 607B049D2F3D3C6200EE7A69;
					};
				};
			};
			buildConfigurationList = 607B04992F3D3C6200EE7A69 /* Build configuration list for PBXProject "UnifiedContacts" */;
			developmentRegion = en;
			hasScannedForEncodings = 0;
			knownRegions = (
				en,
				Base,
			);
			mainGroup = 607B04952F3D3C6200EE7A69;
			minimizedProjectReferenceProxies = 1;
			preferredProjectObjectVersion = 77;
			productRefGroup = 607B049F2F3D3C6200EE7A69 /* Products */;
			projectDirPath = "";
			projectRoot = "";
			targets = (
				607B049D2F3D3C6200EE7A69 /* UnifiedContacts */,
				607B04AA2F3D3C6300EE7A69 /* UnifiedContactsTests */,
				607B04B42F3D3C6300EE7A69 /* UnifiedContactsUITests */,
			);
		};
/* End PBXProject section */

/* Begin PBXResourcesBuildPhase section */
		607B049C2F3D3C6200EE7A69 /* Resources */ = {
			isa = PBXResourcesBuildPhase;
			buildActionMask = 2147483647;
			files = (
			);
			runOnlyForDeploymentPostprocessing = 0;
		};
		607B04A92F3D3C6300EE7A69 /* Resources */ = {
			isa = PBXResourcesBuildPhase;
			buildActionMask = 2147483647;
			files = (
			);
			runOnlyForDeploymentPostprocessing = 0;
		};
		607B04B32F3D3C6300EE7A69 /* Resources */ = {
			isa = PBXResourcesBuildPhase;
			buildActionMask = 2147483647;
			files = (
			);
			runOnlyForDeploymentPostprocessing = 0;
		};
/* End PBXResourcesBuildPhase section */

/* Begin PBXSourcesBuildPhase section */
		607B049A2F3D3C6200EE7A69 /* Sources */ = {
			isa = PBXSourcesBuildPhase;
			buildActionMask = 2147483647;
			files = (
				607B04A22F3D3C6200EE7A69 /* UnifiedContactsApp.swift in Sources */,
			);
			runOnlyForDeploymentPostprocessing = 0;
		};
		607B04A72F3D3C6300EE7A69 /* Sources */ = {
			isa = PBXSourcesBuildPhase;
			buildActionMask = 2147483647;
			files = (
			);
			runOnlyForDeploymentPostprocessing = 0;
		};
		607B04B12F3D3C6300EE7A69 /* Sources */ = {
			isa = PBXSourcesBuildPhase;
			buildActionMask = 2147483647;
			files = (
			);
			runOnlyForDeploymentPostprocessing = 0;
		};
/* End PBXSourcesBuildPhase section */

/* Begin PBXTargetDependency section */
		607B04AD2F3D3C6300EE7A69 /* PBXTargetDependency */ = {
			isa = PBXTargetDependency;
			target = 607B049D2F3D3C6200EE7A69 /* UnifiedContacts */;
			targetProxy = 607B04AC2F3D3C6300EE7A69 /* PBXContainerItemProxy */;
		};
		607B04B72F3D3C6300EE7A69 /* PBXTargetDependency */ = {
			isa = PBXTargetDependency;
			target = 607B049D2F3D3C6200EE7A69 /* UnifiedContacts */;
			targetProxy = 607B04B62F3D3C6300EE7A69 /* PBXContainerItemProxy */;
		};
/* End PBXTargetDependency section */

/* Begin XCBuildConfiguration section */
		607B04BD2F3D3C6300EE7A69 /* Debug */ = {
			isa = XCBuildConfiguration;
			buildSettings = {
				ALWAYS_SEARCH_USER_PATHS = NO;
				ASSETCATALOG_COMPILER_GENERATE_SWIFT_ASSET_SYMBOL_EXTENSIONS = YES;
				CLANG_ANALYZER_NONNULL = YES;
				CLANG_ANALYZER_NUMBER_OBJECT_CONVERSION = YES_AGGRESSIVE;
				CLANG_CXX_LANGUAGE_STANDARD = "gnu++20";
				CLANG_ENABLE_MODULES = YES;
				CLANG_ENABLE_OBJC_ARC = YES;
				CLANG_ENABLE_OBJC_WEAK = YES;
				CLANG_WARN_BLOCK_CAPTURE_AUTORELEASING = YES;
				CLANG_WARN_BOOL_CONVERSION = YES;
				CLANG_WARN_COMMA = YES;
				CLANG_WARN_CONSTANT_CONVERSION = YES;
				CLANG_WARN_DEPRECATED_OBJC_IMPLEMENTATIONS = YES;
				CLANG_WARN_DIRECT_OBJC_ISA_USAGE = YES_ERROR;
				CLANG_WARN_DOCUMENTATION_COMMENTS = YES;
				CLANG_WARN_EMPTY_BODY = YES;
				CLANG_WARN_ENUM_CONVERSION = YES;
				CLANG_WARN_INFINITE_RECURSION = YES;
				CLANG_WARN_INT_CONVERSION = YES;
				CLANG_WARN_NON_LITERAL_NULL_CONVERSION = YES;
				CLANG_WARN_OBJC_IMPLICIT_RETAIN_SELF = YES;
				CLANG_WARN_OBJC_LITERAL_CONVERSION = YES;
				CLANG_WARN_OBJC_ROOT_CLASS = YES_ERROR;
				CLANG_WARN_QUOTED_INCLUDE_IN_FRAMEWORK_HEADER = YES;
				CLANG_WARN_RANGE_LOOP_ANALYSIS = YES;
				CLANG_WARN_STRICT_PROTOTYPES = YES;
				CLANG_WARN_SUSPICIOUS_MOVE = YES;
				CLANG_WARN_UNGUARDED_AVAILABILITY = YES_AGGRESSIVE;
				CLANG_WARN_UNREACHABLE_CODE = YES;
				CLANG_WARN__DUPLICATE_METHOD_MATCH = YES;
				COPY_PHASE_STRIP = NO;
				DEBUG_INFORMATION_FORMAT = dwarf;
				DEVELOPMENT_TEAM = Y8L83HJTF5;
				ENABLE_STRICT_OBJC_MSGSEND = YES;
				ENABLE_TESTABILITY = YES;
				ENABLE_USER_SCRIPT_SANDBOXING = YES;
				GCC_C_LANGUAGE_STANDARD = gnu17;
				GCC_DYNAMIC_NO_PIC = NO;
				GCC_NO_COMMON_BLOCKS = YES;
				GCC_OPTIMIZATION_LEVEL = 0;
				GCC_PREPROCESSOR_DEFINITIONS = (
					"DEBUG=1",
					"$(inherited)",
				);
				GCC_WARN_64_TO_32_BIT_CONVERSION = YES;
				GCC_WARN_ABOUT_RETURN_TYPE = YES_ERROR;
				GCC_WARN_UNDECLARED_SELECTOR = YES;
				GCC_WARN_UNINITIALIZED_AUTOS = YES_AGGRESSIVE;
				GCC_WARN_UNUSED_FUNCTION = YES;
				GCC_WARN_UNUSED_VARIABLE = YES;
				IPHONEOS_DEPLOYMENT_TARGET = 18.5;
				LOCALIZATION_PREFERS_STRING_CATALOGS = YES;
				MTL_ENABLE_DEBUG_INFO = INCLUDE_SOURCE;
				MTL_FAST_MATH = YES;
				ONLY_ACTIVE_ARCH = YES;
				SDKROOT = iphoneos;
				SWIFT_ACTIVE_COMPILATION_CONDITIONS = "DEBUG $(inherited)";
				SWIFT_OPTIMIZATION_LEVEL = "-Onone";
			};
			name = Debug;
		};
		607B04BE2F3D3C6300EE7A69 /* Release */ = {
			isa = XCBuildConfiguration;
			buildSettings = {
				ALWAYS_SEARCH_USER_PATHS = NO;
				ASSETCATALOG_COMPILER_GENERATE_SWIFT_ASSET_SYMBOL_EXTENSIONS = YES;
				CLANG_ANALYZER_NONNULL = YES;
				CLANG_ANALYZER_NUMBER_OBJECT_CONVERSION = YES_AGGRESSIVE;
				CLANG_CXX_LANGUAGE_STANDARD = "gnu++20";
				CLANG_ENABLE_MODULES = YES;
				CLANG_ENABLE_OBJC_ARC = YES;
				CLANG_ENABLE_OBJC_WEAK = YES;
				CLANG_WARN_BLOCK_CAPTURE_AUTORELEASING = YES;
				CLANG_WARN_BOOL_CONVERSION = YES;
				CLANG_WARN_COMMA = YES;
				CLANG_WARN_CONSTANT_CONVERSION = YES;
				CLANG_WARN_DEPRECATED_OBJC_IMPLEMENTATIONS = YES;
				CLANG_WARN_DIRECT_OBJC_ISA_USAGE = YES_ERROR;
				CLANG_WARN_DOCUMENTATION_COMMENTS = YES;
				CLANG_WARN_EMPTY_BODY = YES;
				CLANG_WARN_ENUM_CONVERSION = YES;
				CLANG_WARN_INFINITE_RECURSION = YES;
				CLANG_WARN_INT_CONVERSION = YES;
				CLANG_WARN_NON_LITERAL_NULL_CONVERSION = YES;
				CLANG_WARN_OBJC_IMPLICIT_RETAIN_SELF = YES;
				CLANG_WARN_OBJC_LITERAL_CONVERSION = YES;
				CLANG_WARN_OBJC_ROOT_CLASS = YES_ERROR;
				CLANG_WARN_QUOTED_INCLUDE_IN_FRAMEWORK_HEADER = YES;
				CLANG_WARN_RANGE_LOOP_ANALYSIS = YES;
				CLANG_WARN_STRICT_PROTOTYPES = YES;
				CLANG_WARN_SUSPICIOUS_MOVE = YES;
				CLANG_WARN_UNGUARDED_AVAILABILITY = YES_AGGRESSIVE;
				CLANG_WARN_UNREACHABLE_CODE = YES;
				CLANG_WARN__DUPLICATE_METHOD_MATCH = YES;
				COPY_PHASE_STRIP = NO;
				DEBUG_INFORMATION_FORMAT = "dwarf-with-dsym";
				DEVELOPMENT_TEAM = Y8L83HJTF5;
				ENABLE_NS_ASSERTIONS = NO;
				ENABLE_STRICT_OBJC_MSGSEND = YES;
				ENABLE_USER_SCRIPT_SANDBOXING = YES;
				GCC_C_LANGUAGE_STANDARD = gnu17;
				GCC_NO_COMMON_BLOCKS = YES;
				GCC_WARN_64_TO_32_BIT_CONVERSION = YES;
				GCC_WARN_ABOUT_RETURN_TYPE = YES_ERROR;
				GCC_WARN_UNDECLARED_SELECTOR = YES;
				GCC_WARN_UNINITIALIZED_AUTOS = YES_AGGRESSIVE;
				GCC_WARN_UNUSED_FUNCTION = YES;
				GCC_WARN_UNUSED_VARIABLE = YES;
				IPHONEOS_DEPLOYMENT_TARGET = 18.5;
				LOCALIZATION_PREFERS_STRING_CATALOGS = YES;
				MTL_ENABLE_DEBUG_INFO = NO;
				MTL_FAST_MATH = YES;
				SDKROOT = iphoneos;
				SWIFT_COMPILATION_MODE = wholemodule;
				VALIDATE_PRODUCT = YES;
			};
			name = Release;
		};
		607B04C02F3D3C6300EE7A69 /* Debug */ = {
			isa = XCBuildConfiguration;
			buildSettings = {
				ASSETCATALOG_COMPILER_APPICON_NAME = AppIcon;
				ASSETCATALOG_COMPILER_GLOBAL_ACCENT_COLOR_NAME = AccentColor;
				CODE_SIGN_STYLE = Automatic;
				CURRENT_PROJECT_VERSION = 1;
				DEVELOPMENT_TEAM = Y8L83HJTF5;
				ENABLE_PREVIEWS = YES;
				GENERATE_INFOPLIST_FILE = YES;
				INFOPLIST_KEY_UIApplicationSceneManifest_Generation = YES;
				INFOPLIST_KEY_UIApplicationSupportsIndirectInputEvents = YES;
				INFOPLIST_KEY_UILaunchScreen_Generation = YES;
				INFOPLIST_KEY_UISupportedInterfaceOrientations_iPad = "UIInterfaceOrientationPortrait UIInterfaceOrientationPortraitUpsideDown UIInterfaceOrientationLandscapeLeft UIInterfaceOrientationLandscapeRight";
				INFOPLIST_KEY_UISupportedInterfaceOrientations_iPhone = "UIInterfaceOrientationPortrait UIInterfaceOrientationLandscapeLeft UIInterfaceOrientationLandscapeRight";
				LD_RUNPATH_SEARCH_PATHS = (
					"$(inherited)",
					"@executable_path/Frameworks",
				);
				MARKETING_VERSION = 1.0;
				PRODUCT_BUNDLE_IDENTIFIER = com.areekaras.UnifiedContacts;
				PRODUCT_NAME = "$(TARGET_NAME)";
				SWIFT_EMIT_LOC_STRINGS = YES;
				SWIFT_VERSION = 5.0;
				TARGETED_DEVICE_FAMILY = "1,2";
			};
			name = Debug;
		};
		607B04C12F3D3C6300EE7A69 /* Release */ = {
			isa = XCBuildConfiguration;
			buildSettings = {
				ASSETCATALOG_COMPILER_APPICON_NAME = AppIcon;
				ASSETCATALOG_COMPILER_GLOBAL_ACCENT_COLOR_NAME = AccentColor;
				CODE_SIGN_STYLE = Automatic;
				CURRENT_PROJECT_VERSION = 1;
				DEVELOPMENT_TEAM = Y8L83HJTF5;
				ENABLE_PREVIEWS = YES;
				GENERATE_INFOPLIST_FILE = YES;
				INFOPLIST_KEY_UIApplicationSceneManifest_Generation = YES;
				INFOPLIST_KEY_UIApplicationSupportsIndirectInputEvents = YES;
				INFOPLIST_KEY_UILaunchScreen_Generation = YES;
				INFOPLIST_KEY_UISupportedInterfaceOrientations_iPad = "UIInterfaceOrientationPortrait UIInterfaceOrientationPortraitUpsideDown UIInterfaceOrientationLandscapeLeft UIInterfaceOrientationLandscapeRight";
				INFOPLIST_KEY_UISupportedInterfaceOrientations_iPhone = "UIInterfaceOrientationPortrait UIInterfaceOrientationLandscapeLeft UIInterfaceOrientationLandscapeRight";
				LD_RUNPATH_SEARCH_PATHS = (
					"$(inherited)",
					"@executable_path/Frameworks",
				);
				MARKETING_VERSION = 1.0;
				PRODUCT_BUNDLE_IDENTIFIER = com.areekaras.UnifiedContacts;
				PRODUCT_NAME = "$(TARGET_NAME)";
				SWIFT_EMIT_LOC_STRINGS = YES;
				SWIFT_VERSION = 5.0;
				TARGETED_DEVICE_FAMILY = "1,2";
			};
			name = Release;
		};
		607B04C32F3D3C6300EE7A69 /* Debug */ = {
			isa = XCBuildConfiguration;
			buildSettings = {
				BUNDLE_LOADER = "$(TEST_HOST)";
				CODE_SIGN_STYLE = Automatic;
				CURRENT_PROJECT_VERSION = 1;
				DEVELOPMENT_TEAM = Y8L83HJTF5;
				GENERATE_INFOPLIST_FILE = YES;
				IPHONEOS_DEPLOYMENT_TARGET = 18.5;
				MARKETING_VERSION = 1.0;
				PRODUCT_BUNDLE_IDENTIFIER = com.areekaras.UnifiedContactsTests;
				PRODUCT_NAME = "$(TARGET_NAME)";
				SWIFT_EMIT_LOC_STRINGS = NO;
				SWIFT_VERSION = 5.0;
				TARGETED_DEVICE_FAMILY = "1,2";
				TEST_HOST = "$(BUILT_PRODUCTS_DIR)/UnifiedContacts.app/$(BUNDLE_EXECUTABLE_FOLDER_PATH)/UnifiedContacts";
			};
			name = Debug;
		};
		607B04C42F3D3C6300EE7A69 /* Release */ = {
			isa = XCBuildConfiguration;
			buildSettings = {
				BUNDLE_LOADER = "$(TEST_HOST)";
				CODE_SIGN_STYLE = Automatic;
				CURRENT_PROJECT_VERSION = 1;
				DEVELOPMENT_TEAM = Y8L83HJTF5;
				GENERATE_INFOPLIST_FILE = YES;
				IPHONEOS_DEPLOYMENT_TARGET = 18.5;
				MARKETING_VERSION = 1.0;
				PRODUCT_BUNDLE_IDENTIFIER = com.areekaras.UnifiedContactsTests;
				PRODUCT_NAME = "$(TARGET_NAME)";
				SWIFT_EMIT_LOC_STRINGS = NO;
				SWIFT_VERSION = 5.0;
				TARGETED_DEVICE_FAMILY = "1,2";
				TEST_HOST = "$(BUILT_PRODUCTS_DIR)/UnifiedContacts.app/$(BUNDLE_EXECUTABLE_FOLDER_PATH)/UnifiedContacts";
			};
			name = Release;
		};
		607B04C62F3D3C6300EE7A69 /* Debug */ = {
			isa = XCBuildConfiguration;
			buildSettings = {
				CODE_SIGN_STYLE = Automatic;
				CURRENT_PROJECT_VERSION = 1;
				DEVELOPMENT_TEAM = Y8L83HJTF5;
				GENERATE_INFOPLIST_FILE = YES;
				MARKETING_VERSION = 1.0;
				PRODUCT_BUNDLE_IDENTIFIER = com.areekaras.UnifiedContactsUITests;
				PRODUCT_NAME = "$(TARGET_NAME)";
				SWIFT_EMIT_LOC_STRINGS = NO;
				SWIFT_VERSION = 5.0;
				TARGETED_DEVICE_FAMILY = "1,2";
				TEST_TARGET_NAME = UnifiedContacts;
			};
			name = Debug;
		};
		607B04C72F3D3C6300EE7A69 /* Release */ = {
			isa = XCBuildConfiguration;
			buildSettings = {
				CODE_SIGN_STYLE = Automatic;
				CURRENT_PROJECT_VERSION = 1;
				DEVELOPMENT_TEAM = Y8L83HJTF5;
				GENERATE_INFOPLIST_FILE = YES;
				MARKETING_VERSION = 1.0;
				PRODUCT_BUNDLE_IDENTIFIER = com.areekaras.UnifiedContactsUITests;
				PRODUCT_NAME = "$(TARGET_NAME)";
				SWIFT_EMIT_LOC_STRINGS = NO;
				SWIFT_VERSION = 5.0;
				TARGETED_DEVICE_FAMILY = "1,2";
				TEST_TARGET_NAME = UnifiedContacts;
			};
			name = Release;
		};
/* End XCBuildConfiguration section */

/* Begin XCConfigurationList section */
		607B04992F3D3C6200EE7A69 /* Build configuration list for PBXProject "UnifiedContacts" */ = {
			isa = XCConfigurationList;
			buildConfigurations = (
				607B04BD2F3D3C6300EE7A69 /* Debug */,
				607B04BE2F3D3C6300EE7A69 /* Release */,
			);
			defaultConfigurationIsVisible = 0;
			defaultConfigurationName = Release;
		};
		607B04BF2F3D3C6300EE7A69 /* Build configuration list for PBXNativeTarget "UnifiedContacts" */ = {
			isa = XCConfigurationList;
			buildConfigurations = (
				607B04C02F3D3C6300EE7A69 /* Debug */,
				607B04C12F3D3C6300EE7A69 /* Release */,
			);
			defaultConfigurationIsVisible = 0;
			defaultConfigurationName = Release;
		};
		607B04C22F3D3C6300EE7A69 /* Build configuration list for PBXNativeTarget "UnifiedContactsTests" */ = {
			isa = XCConfigurationList;
			buildConfigurations = (
				607B04C32F3D3C6300EE7A69 /* Debug */,
				607B04C42F3D3C6300EE7A69 /* Release */,
			);
			defaultConfigurationIsVisible = 0;
			defaultConfigurationName = Release;
		};
		607B04C52F3D3C6300EE7A69 /* Build configuration list for PBXNativeTarget "UnifiedContactsUITests" */ = {
			isa = XCConfigurationList;
			buildConfigurations = (
				607B04C62F3D3C6300EE7A69 /* Debug */,
				607B04C72F3D3C6300EE7A69 /* Release */,
			);
			defaultConfigurationIsVisible = 0;
			defaultConfigurationName = Release;
		};
/* End XCConfigurationList section */
	};
	rootObject = 607B04962F3D3C6200EE7A69 /* Project object */;
}
